// !$*UTF8*$!
{
	archiveVersion = 1;
	classes = {
	};
	objectVersion = 50;
	objects = {

/* Begin PBXBuildFile section */
		E215A9F924E95EFB00CB0CB4 /* AppDelegate.swift in Sources */ = {isa = PBXBuildFile; fileRef = E215A9F824E95EFB00CB0CB4 /* AppDelegate.swift */; };
		E215A9FB24E95EFB00CB0CB4 /* SceneDelegate.swift in Sources */ = {isa = PBXBuildFile; fileRef = E215A9FA24E95EFB00CB0CB4 /* SceneDelegate.swift */; };
		E215A9FD24E95EFB00CB0CB4 /* ContentView.swift in Sources */ = {isa = PBXBuildFile; fileRef = E215A9FC24E95EFB00CB0CB4 /* ContentView.swift */; };
		E215A9FF24E95EFC00CB0CB4 /* Assets.xcassets in Resources */ = {isa = PBXBuildFile; fileRef = E215A9FE24E95EFC00CB0CB4 /* Assets.xcassets */; };
		E215AA0224E95EFC00CB0CB4 /* Preview Assets.xcassets in Resources */ = {isa = PBXBuildFile; fileRef = E215AA0124E95EFC00CB0CB4 /* Preview Assets.xcassets */; };
		E215AA0524E95EFC00CB0CB4 /* LaunchScreen.storyboard in Resources */ = {isa = PBXBuildFile; fileRef = E215AA0324E95EFC00CB0CB4 /* LaunchScreen.storyboard */; };
		E215AA0F24E9654700CB0CB4 /* Webview.swift in Sources */ = {isa = PBXBuildFile; fileRef = E215AA0E24E9654700CB0CB4 /* Webview.swift */; };
		E215AA1124E9720200CB0CB4 /* WebviewPro.swift in Sources */ = {isa = PBXBuildFile; fileRef = E215AA1024E9720200CB0CB4 /* WebviewPro.swift */; };
		E215AA1324E9727000CB0CB4 /* WebviewController.swift in Sources */ = {isa = PBXBuildFile; fileRef = E215AA1224E9727000CB0CB4 /* WebviewController.swift */; };
/* End PBXBuildFile section */

/* Begin PBXFileReference section */
		E215A9F524E95EFB00CB0CB4 /* WebX.app */ = {isa = PBXFileReference; explicitFileType = wrapper.application; includeInIndex = 0; path = WebX.app; sourceTree = BUILT_PRODUCTS_DIR; };
		E215A9F824E95EFB00CB0CB4 /* AppDelegate.swift */ = {isa = PBXFileReference; lastKnownFileType = sourcecode.swift; path = AppDelegate.swift; sourceTree = "<group>"; };
		E215A9FA24E95EFB00CB0CB4 /* SceneDelegate.swift */ = {isa = PBXFileReference; lastKnownFileType = sourcecode.swift; path = SceneDelegate.swift; sourceTree = "<group>"; };
		E215A9FC24E95EFB00CB0CB4 /* ContentView.swift */ = {isa = PBXFileReference; lastKnownFileType = sourcecode.swift; path = ContentView.swift; sourceTree = "<group>"; };
		E215A9FE24E95EFC00CB0CB4 /* Assets.xcassets */ = {isa = PBXFileReference; lastKnownFileType = folder.assetcatalog; path = Assets.xcassets; sourceTree = "<group>"; };
		E215AA0124E95EFC00CB0CB4 /* Preview Assets.xcassets */ = {isa = PBXFileReference; lastKnownFileType = folder.assetcatalog; path = "Preview Assets.xcassets"; sourceTree = "<group>"; };
		E215AA0424E95EFC00CB0CB4 /* Base */ = {isa = PBXFileReference; lastKnownFileType = file.storyboard; name = Base; path = Base.lproj/LaunchScreen.storyboard; sourceTree = "<group>"; };
		E215AA0624E95EFC00CB0CB4 /* Info.plist */ = {isa = PBXFileReference; lastKnownFileType = text.plist.xml; path = Info.plist; sourceTree = "<group>"; };
		E215AA0E24E9654700CB0CB4 /* Webview.swift */ = {isa = PBXFileReference; lastKnownFileType = sourcecode.swift; path = Webview.swift; sourceTree = "<group>"; };
		E215AA1024E9720200CB0CB4 /* WebviewPro.swift */ = {isa = PBXFileReference; lastKnownFileType = sourcecode.swift; path = WebviewPro.swift; sourceTree = "<group>"; };
		E215AA1224E9727000CB0CB4 /* WebviewController.swift */ = {isa = PBXFileReference; lastKnownFileType = sourcecode.swift; path = WebviewController.swift; sourceTree = "<group>"; };
/* End PBXFileReference section */

/* Begin PBXFrameworksBuildPhase section */
		E215A9F224E95EFB00CB0CB4 /* Frameworks */ = {
			isa = PBXFrameworksBuildPhase;
			buildActionMask = 2147483647;
			files = (
			);
			runOnlyForDeploymentPostprocessing = 0;
		};
/* End PBXFrameworksBuildPhase section */

/* Begin PBXGroup section */
		E215A9EC24E95EFB00CB0CB4 = {
			isa = PBXGroup;
			children = (
				E215A9F724E95EFB00CB0CB4 /* WebX */,
				E215A9F624E95EFB00CB0CB4 /* Products */,
			);
			sourceTree = "<group>";
		};
		E215A9F624E95EFB00CB0CB4 /* Products */ = {
			isa = PBXGroup;
			children = (
				E215A9F524E95EFB00CB0CB4 /* WebX.app */,
			);
			name = Products;
			sourceTree = "<group>";
		};
		E215A9F724E95EFB00CB0CB4 /* WebX */ = {
			isa = PBXGroup;
			children = (
				E215A9F824E95EFB00CB0CB4 /* AppDelegate.swift */,
				E215A9FA24E95EFB00CB0CB4 /* SceneDelegate.swift */,
				E215A9FC24E95EFB00CB0CB4 /* ContentView.swift */,
				E215A9FE24E95EFC00CB0CB4 /* Assets.xcassets */,
				E215AA0324E95EFC00CB0CB4 /* LaunchScreen.storyboard */,
				E215AA0624E95EFC00CB0CB4 /* Info.plist */,
				E215AA0024E95EFC00CB0CB4 /* Preview Content */,
				E215AA0E24E9654700CB0CB4 /* Webview.swift */,
				E215AA1024E9720200CB0CB4 /* WebviewPro.swift */,
				E215AA1224E9727000CB0CB4 /* WebviewController.swift */,
			);
			path = WebX;
			sourceTree = "<group>";
		};
		E215AA0024E95EFC00CB0CB4 /* Preview Content */ = {
			isa = PBXGroup;
			children = (
				E215AA0124E95EFC00CB0CB4 /* Preview Assets.xcassets */,
			);
			path = "Preview Content";
			sourceTree = "<group>";
		};
/* End PBXGroup section */

/* Begin PBXNativeTarget section */
		E215A9F424E95EFB00CB0CB4 /* WebX */ = {
			isa = PBXNativeTarget;
			buildConfigurationList = E215AA0924E95EFC00CB0CB4 /* Build configuration list for PBXNativeTarget "WebX" */;
			buildPhases = (
				E215A9F124E95EFB00CB0CB4 /* Sources */,
				E215A9F224E95EFB00CB0CB4 /* Frameworks */,
				E215A9F324E95EFB00CB0CB4 /* Resources */,
			);
			buildRules = (
			);
			dependencies = (
			);
			name = WebX;
			productName = WebX;
			productReference = E215A9F524E95EFB00CB0CB4 /* WebX.app */;
			productType = "com.apple.product-type.application";
		};
/* End PBXNativeTarget section */

/* Begin PBXProject section */
		E215A9ED24E95EFB00CB0CB4 /* Project object */ = {
			isa = PBXProject;
			attributes = {
				LastSwiftUpdateCheck = 1160;
				LastUpgradeCheck = 1160;
				ORGANIZATIONNAME = "JIGAR PATEL";
				TargetAttributes = {
					E215A9F424E95EFB00CB0CB4 = {
						CreatedOnToolsVersion = 11.6;
					};
				};
			};
			buildConfigurationList = E215A9F024E95EFB00CB0CB4 /* Build configuration list for PBXProject "WebX" */;
			compatibilityVersion = "Xcode 9.3";
			developmentRegion = en;
			hasScannedForEncodings = 0;
			knownRegions = (
				en,
				Base,
			);
			mainGroup = E215A9EC24E95EFB00CB0CB4;
			productRefGroup = E215A9F624E95EFB00CB0CB4 /* Products */;
			projectDirPath = "";
			projectRoot = "";
			targets = (
				E215A9F424E95EFB00CB0CB4 /* WebX */,
			);
		};
/* End PBXProject section */

/* Begin PBXResourcesBuildPhase section */
		E215A9F324E95EFB00CB0CB4 /* Resources */ = {
			isa = PBXResourcesBuildPhase;
			buildActionMask = 2147483647;
			files = (
				E215AA0524E95EFC00CB0CB4 /* LaunchScreen.storyboard in Resources */,
				E215AA0224E95EFC00CB0CB4 /* Preview Assets.xcassets in Resources */,
				E215A9FF24E95EFC00CB0CB4 /* Assets.xcassets in Resources */,
			);
			runOnlyForDeploymentPostprocessing = 0;
		};
/* End PBXResourcesBuildPhase section */

/* Begin PBXSourcesBuildPhase section */
		E215A9F124E95EFB00CB0CB4 /* Sources */ = {
			isa = PBXSourcesBuildPhase;
			buildActionMask = 2147483647;
			files = (
				E215A9F924E95EFB00CB0CB4 /* AppDelegate.swift in Sources */,
				E215AA1324E9727000CB0CB4 /* WebviewController.swift in Sources */,
				E215AA1124E9720200CB0CB4 /* WebviewPro.swift in Sources */,
				E215AA0F24E9654700CB0CB4 /* Webview.swift in Sources */,
				E215A9FB24E95EFB00CB0CB4 /* SceneDelegate.swift in Sources */,
				E215A9FD24E95EFB00CB0CB4 /* ContentView.swift in Sources */,
			);
			runOnlyForDeploymentPostprocessing = 0;
		};
/* End PBXSourcesBuildPhase section */

/* Begin PBXVariantGroup section */
		E215AA0324E95EFC00CB0CB4 /* LaunchScreen.storyboard */ = {
			isa = PBXVariantGroup;
			children = (
				E215AA0424E95EFC00CB0CB4 /* Base */,
			);
			name = LaunchScreen.storyboard;
			sourceTree = "<group>";
		};
/* End PBXVariantGroup section */

/* Begin XCBuildConfiguration section */
		E215AA0724E95EFC00CB0CB4 /* Debug */ = {
			isa = XCBuildConfiguration;
			buildSettings = {
				ALWAYS_SEARCH_USER_PATHS = NO;
				CLANG_ANALYZER_NONNULL = YES;
				CLANG_ANALYZER_NUMBER_OBJECT_CONVERSION = YES_AGGRESSIVE;
				CLANG_CXX_LANGUAGE_STANDARD = "gnu++14";
				CLANG_CXX_LIBRARY = "libc++";
				CLANG_ENABLE_MODULES = YES;
				CLANG_ENABLE_OBJC_ARC = YES;
				CLANG_ENABLE_OBJC_WEAK = YES;
				CLANG_WARN_BLOCK_CAPTURE_AUTORELEASING = YES;
				CLANG_WARN_BOOL_CONVERSION = YES;
				CLANG_WARN_COMMA = YES;
				CLANG_WARN_CONSTANT_CONVERSION = YES;
				CLANG_WARN_DEPRECATED_OBJC_IMPLEMENTATIONS = YES;
				CLANG_WARN_DIRECT_OBJC_ISA_USAGE = YES_ERROR;
				CLANG_WARN_DOCUMENTATION_COMMENTS = YES;
				CLANG_WARN_EMPTY_BODY = YES;
				CLANG_WARN_ENUM_CONVERSION = YES;
				CLANG_WARN_INFINITE_RECURSION = YES;
				CLANG_WARN_INT_CONVERSION = YES;
				CLANG_WARN_NON_LITERAL_NULL_CONVERSION = YES;
				CLANG_WARN_OBJC_IMPLICIT_RETAIN_SELF = YES;
				CLANG_WARN_OBJC_LITERAL_CONVERSION = YES;
				CLANG_WARN_OBJC_ROOT_CLASS = YES_ERROR;
				CLANG_WARN_RANGE_LOOP_ANALYSIS = YES;
				CLANG_WARN_STRICT_PROTOTYPES = YES;
				CLANG_WARN_SUSPICIOUS_MOVE = YES;
				CLANG_WARN_UNGUARDED_AVAILABILITY = YES_AGGRESSIVE;
				CLANG_WARN_UNREACHABLE_CODE = YES;
				CLANG_WARN__DUPLICATE_METHOD_MATCH = YES;
				COPY_PHASE_STRIP = NO;
				DEBUG_INFORMATION_FORMAT = dwarf;
				ENABLE_STRICT_OBJC_MSGSEND = YES;
				ENABLE_TESTABILITY = YES;
				GCC_C_LANGUAGE_STANDARD = gnu11;
				GCC_DYNAMIC_NO_PIC = NO;
				GCC_NO_COMMON_BLOCKS = YES;
				GCC_OPTIMIZATION_LEVEL = 0;
				GCC_PREPROCESSOR_DEFINITIONS = (
					"DEBUG=1",
					"$(inherited)",
				);
				GCC_WARN_64_TO_32_BIT_CONVERSION = YES;
				GCC_WARN_ABOUT_RETURN_TYPE = YES_ERROR;
				GCC_WARN_UNDECLARED_SELECTOR = YES;
				GCC_WARN_UNINITIALIZED_AUTOS = YES_AGGRESSIVE;
				GCC_WARN_UNUSED_FUNCTION = YES;
				GCC_WARN_UNUSED_VARIABLE = YES;
				IPHONEOS_DEPLOYMENT_TARGET = 13.6;
				MTL_ENABLE_DEBUG_INFO = INCLUDE_SOURCE;
				MTL_FAST_MATH = YES;
				ONLY_ACTIVE_ARCH = YES;
				SDKROOT = iphoneos;
				SWIFT_ACTIVE_COMPILATION_CONDITIONS = DEBUG;
				SWIFT_OPTIMIZATION_LEVEL = "-Onone";
			};
			name = Debug;
		};
		E215AA0824E95EFC00CB0CB4 /* Release */ = {
			isa = XCBuildConfiguration;
			buildSettings = {
				ALWAYS_SEARCH_USER_PATHS = NO;
				CLANG_ANALYZER_NONNULL = YES;
				CLANG_ANALYZER_NUMBER_OBJECT_CONVERSION = YES_AGGRESSIVE;
				CLANG_CXX_LANGUAGE_STANDARD = "gnu++14";
				CLANG_CXX_LIBRARY = "libc++";
				CLANG_ENABLE_MODULES = YES;
				CLANG_ENABLE_OBJC_ARC = YES;
				CLANG_ENABLE_OBJC_WEAK = YES;
				CLANG_WARN_BLOCK_CAPTURE_AUTORELEASING = YES;
				CLANG_WARN_BOOL_CONVERSION = YES;
				CLANG_WARN_COMMA = YES;
				CLANG_WARN_CONSTANT_CONVERSION = YES;
				CLANG_WARN_DEPRECATED_OBJC_IMPLEMENTATIONS = YES;
				CLANG_WARN_DIRECT_OBJC_ISA_USAGE = YES_ERROR;
				CLANG_WARN_DOCUMENTATION_COMMENTS = YES;
				CLANG_WARN_EMPTY_BODY = YES;
				CLANG_WARN_ENUM_CONVERSION = YES;
				CLANG_WARN_INFINITE_RECURSION = YES;
				CLANG_WARN_INT_CONVERSION = YES;
				CLANG_WARN_NON_LITERAL_NULL_CONVERSION = YES;
				CLANG_WARN_OBJC_IMPLICIT_RETAIN_SELF = YES;
				CLANG_WARN_OBJC_LITERAL_CONVERSION = YES;
				CLANG_WARN_OBJC_ROOT_CLASS = YES_ERROR;
				CLANG_WARN_RANGE_LOOP_ANALYSIS = YES;
				CLANG_WARN_STRICT_PROTOTYPES = YES;
				CLANG_WARN_SUSPICIOUS_MOVE = YES;
				CLANG_WARN_UNGUARDED_AVAILABILITY = YES_AGGRESSIVE;
				CLANG_WARN_UNREACHABLE_CODE = YES;
				CLANG_WARN__DUPLICATE_METHOD_MATCH = YES;
				COPY_PHASE_STRIP = NO;
				DEBUG_INFORMATION_FORMAT = "dwarf-with-dsym";
				ENABLE_NS_ASSERTIONS = NO;
				ENABLE_STRICT_OBJC_MSGSEND = YES;
				GCC_C_LANGUAGE_STANDARD = gnu11;
				GCC_NO_COMMON_BLOCKS = YES;
				GCC_WARN_64_TO_32_BIT_CONVERSION = YES;
				GCC_WARN_ABOUT_RETURN_TYPE = YES_ERROR;
				GCC_WARN_UNDECLARED_SELECTOR = YES;
				GCC_WARN_UNINITIALIZED_AUTOS = YES_AGGRESSIVE;
				GCC_WARN_UNUSED_FUNCTION = YES;
				GCC_WARN_UNUSED_VARIABLE = YES;
				IPHONEOS_DEPLOYMENT_TARGET = 13.6;
				MTL_ENABLE_DEBUG_INFO = NO;
				MTL_FAST_MATH = YES;
				SDKROOT = iphoneos;
				SWIFT_COMPILATION_MODE = wholemodule;
				SWIFT_OPTIMIZATION_LEVEL = "-O";
				VALIDATE_PRODUCT = YES;
			};
			name = Release;
		};
		E215AA0A24E95EFC00CB0CB4 /* Debug */ = {
			isa = XCBuildConfiguration;
			buildSettings = {
				ASSETCATALOG_COMPILER_APPICON_NAME = AppIcon;
				CODE_SIGN_STYLE = Automatic;
				DEVELOPMENT_ASSET_PATHS = "\"WebX/Preview Content\"";
				DEVELOPMENT_TEAM = ZKRBF25F73;
				ENABLE_PREVIEWS = YES;
				INFOPLIST_FILE = WebX/Info.plist;
				LD_RUNPATH_SEARCH_PATHS = (
					"$(inherited)",
					"@executable_path/Frameworks",
				);
				PRODUCT_BUNDLE_IDENTIFIER = ga.jigar.WebX;
				PRODUCT_NAME = "$(TARGET_NAME)";
				SWIFT_VERSION = 5.0;
				TARGETED_DEVICE_FAMILY = "1,2";
			};
			name = Debug;
		};
		E215AA0B24E95EFC00CB0CB4 /* Release */ = {
			isa = XCBuildConfiguration;
			buildSettings = {
				ASSETCATALOG_COMPILER_APPICON_NAME = AppIcon;
				CODE_SIGN_STYLE = Automatic;
				DEVELOPMENT_ASSET_PATHS = "\"WebX/Preview Content\"";
				DEVELOPMENT_TEAM = ZKRBF25F73;
				ENABLE_PREVIEWS = YES;
				INFOPLIST_FILE = WebX/Info.plist;
				LD_RUNPATH_SEARCH_PATHS = (
					"$(inherited)",
					"@executable_path/Frameworks",
				);
				PRODUCT_BUNDLE_IDENTIFIER = ga.jigar.WebX;
				PRODUCT_NAME = "$(TARGET_NAME)";
				SWIFT_VERSION = 5.0;
				TARGETED_DEVICE_FAMILY = "1,2";
			};
			name = Release;
		};
/* End XCBuildConfiguration section */

/* Begin XCConfigurationList section */
		E215A9F024E95EFB00CB0CB4 /* Build configuration list for PBXProject "WebX" */ = {
			isa = XCConfigurationList;
			buildConfigurations = (
				E215AA0724E95EFC00CB0CB4 /* Debug */,
				E215AA0824E95EFC00CB0CB4 /* Release */,
			);
			defaultConfigurationIsVisible = 0;
			defaultConfigurationName = Release;
		};
		E215AA0924E95EFC00CB0CB4 /* Build configuration list for PBXNativeTarget "WebX" */ = {
			isa = XCConfigurationList;
			buildConfigurations = (
				E215AA0A24E95EFC00CB0CB4 /* Debug */,
				E215AA0B24E95EFC00CB0CB4 /* Release */,
			);
			defaultConfigurationIsVisible = 0;
			defaultConfigurationName = Release;
		};
/* End XCConfigurationList section */
	};
	rootObject = E215A9ED24E95EFB00CB0CB4 /* Project object */;
}
